
Microsoft Visual Studio Solution File, Format Version 12.00
# Visual Studio Version 17
VisualStudioVersion = 17.2.32526.322
MinimumVisualStudioVersion = 10.0.40219.1
Project("{FAE04EC0-301F-11D3-BF4B-00C04F79EFBC}") = "ConsoleApp10", "ConsoleApp10\ConsoleApp10.csproj", "{9139C28E-0272-4E2E-9A63-7390F8022E8E}"
EndProject
Global
	GlobalSection(SolutionConfigurationPlatforms) = preSolution
		Debug|Any CPU = Debug|Any CPU
		Release|Any CPU = Release|Any CPU
	EndGlobalSection
	GlobalSection(ProjectConfigurationPlatforms) = postSolution
		{9139C28E-0272-4E2E-9A63-7390F8022E8E}.Debug|Any CPU.ActiveCfg = Debug|Any CPU
		{9139C28E-0272-4E2E-9A63-7390F8022E8E}.Debug|Any CPU.Build.0 = Debug|Any CPU
		{9139C28E-0272-4E2E-9A63-7390F8022E8E}.Release|Any CPU.ActiveCfg = Release|Any CPU
		{9139C28E-0272-4E2E-9A63-7390F8022E8E}.Release|Any CPU.Build.0 = Release|Any CPU
	EndGlobalSection
	GlobalSection(SolutionProperties) = preSolution
		HideSolutionNode = FALSE
	EndGlobalSection
	GlobalSection(ExtensibilityGlobals) = postSolution
		SolutionGuid = {234E1172-BEC0-45FC-A3D1-81C513D2D645}
	EndGlobalSection
EndGlobal
