
Microsoft Visual Studio Solution File, Format Version 12.00
# Visual Studio Version 17
VisualStudioVersion = 17.2.32526.322
MinimumVisualStudioVersion = 10.0.40219.1
Project("{FAE04EC0-301F-11D3-BF4B-00C04F79EFBC}") = "ConsoleApp2", "ConsoleApp2\ConsoleApp2.csproj", "{0CEC6005-C9C3-4907-A8FB-94861D7C203E}"
EndProject
Global
	GlobalSection(SolutionConfigurationPlatforms) = preSolution
		Debug|Any CPU = Debug|Any CPU
		Release|Any CPU = Release|Any CPU
	EndGlobalSection
	GlobalSection(ProjectConfigurationPlatforms) = postSolution
		{0CEC6005-C9C3-4907-A8FB-94861D7C203E}.Debug|Any CPU.ActiveCfg = Debug|Any CPU
		{0CEC6005-C9C3-4907-A8FB-94861D7C203E}.Debug|Any CPU.Build.0 = Debug|Any CPU
		{0CEC6005-C9C3-4907-A8FB-94861D7C203E}.Release|Any CPU.ActiveCfg = Release|Any CPU
		{0CEC6005-C9C3-4907-A8FB-94861D7C203E}.Release|Any CPU.Build.0 = Release|Any CPU
	EndGlobalSection
	GlobalSection(SolutionProperties) = preSolution
		HideSolutionNode = FALSE
	EndGlobalSection
	GlobalSection(ExtensibilityGlobals) = postSolution
		SolutionGuid = {1ABFB2C1-DC1B-4496-A586-39614C0857C6}
	EndGlobalSection
EndGlobal
